{
  "name": "@qvelop444/humal",
  "version": "1.0.2",
  "lockfileVersion": 3,
  "requires": true,
  "packages": {
    "": {
      "name": "@qvelop444/humal",
      "version": "1.0.2",
      "license": "ISC",
      "dependencies": {
        "@qvelop444/humal": "^1.0.2",
        "readline-sync": "^1.4.10"
      },
      "bin": {
        "humal": "bin/humal.js"
      }
    },
    "node_modules/@qvelop444/humal": {
      "version": "1.0.2",
      "resolved": "https://registry.npmjs.org/@qvelop444/humal/-/humal-1.0.2.tgz",
      "integrity": "sha512-Jn/7YuxhvGSCq094dotpmPEpp8LcxgAnhUPfA6rDjpMLm2xXPm0V4FkZsW3BiTktqo/zIwFU6t8g+Lpp2dr/fg==",
      "license": "ISC",
      "dependencies": {
        "readline-sync": "^1.4.10"
      },
      "bin": {
        "humal": "bin/humal.js"
      }
    },
    "node_modules/readline-sync": {
      "version": "1.4.10",
      "resolved": "https://registry.npmjs.org/readline-sync/-/readline-sync-1.4.10.tgz",
      "integrity": "sha512-gNva8/6UAe8QYepIQH/jQ2qn91Qj0B9sYjMBBs3QOB8F2CXcKgLxQaJRP76sWVRQt+QU+8fAkCbCvjjMFu7Ycw==",
      "license": "MIT",
      "engines": {
        "node": ">= 0.8.0"
      }
    }
  }
}
